{
  "name": "@mikezimm/fps-banner-v2",
  "version": "1.0.0",
  "lockfileVersion": 1,
  "requires": true,
  "dependencies": {
    "@mikezimm/fps-js": {
      "version": "1.0.13",
      "resolved": "https://registry.npmjs.org/@mikezimm/fps-js/-/fps-js-1.0.13.tgz",
      "integrity": "sha512-DZsV+QdojswRLqsTw8qX/opGF4zm6qV+LmPc1Lp2qwSrPrB6tD21CfHqD/cSV4k58UFYN0YeJXQoB+cMWd2qbA=="
    },
    "@mikezimm/fps-pnp2": {
      "version": "1.0.3",
      "resolved": "https://registry.npmjs.org/@mikezimm/fps-pnp2/-/fps-pnp2-1.0.3.tgz",
      "integrity": "sha512-6k3dg0ht6fOBoYPYt1pdl2lJIzVLI+kTXjNKjGmaN5xCZMR8W8avQZEXlSnDjur4eDMKa6BQSwCN9cOm+D3Fhg==",
      "requires": {
        "@mikezimm/fps-js": "^1.0.13",
        "@pnp/sp": "^2.14.0"
      }
    },
    "@pnp/common": {
      "version": "2.14.0",
      "resolved": "https://registry.npmjs.org/@pnp/common/-/common-2.14.0.tgz",
      "integrity": "sha512-GtiV/GfnDtQpoCCTr1GsGpLNI3QC6CRSDduSMbnqFO7uW0MCQXH2xh126/UceH4mwP3BVjNUhi7JZCMEa1lB2A==",
      "requires": {
        "tslib": "2.3.0"
      }
    },
    "@pnp/logging": {
      "version": "2.14.0",
      "resolved": "https://registry.npmjs.org/@pnp/logging/-/logging-2.14.0.tgz",
      "integrity": "sha512-M/7PyG6zf962KI96ORtmnKp+a45x2Wcy5llsz0+i4FYoWRZuXA9UY5ahIO34sRSYB7FZw5tVwmxSlvQKVLWF3w==",
      "requires": {
        "tslib": "2.3.0"
      }
    },
    "@pnp/odata": {
      "version": "2.14.0",
      "resolved": "https://registry.npmjs.org/@pnp/odata/-/odata-2.14.0.tgz",
      "integrity": "sha512-HuVOLJxXsjiVj/Qi0sDYL+v+Nty6SPquz4Qtb0PDNUdRnH63UKEmI8M19QQDohxmCJvueNL1gNj9iy9yHWnASQ==",
      "requires": {
        "@pnp/common": "2.14.0",
        "@pnp/logging": "2.14.0",
        "tslib": "2.3.0"
      }
    },
    "@pnp/sp": {
      "version": "2.14.0",
      "resolved": "https://registry.npmjs.org/@pnp/sp/-/sp-2.14.0.tgz",
      "integrity": "sha512-DP1Hajw6gm2vFfNd5iStYTaSVt1aggGQ0rBpOU+5B9tfJb9WBVOlpwQ8jfvRZXNjc9TRGxFTnO1oH29E4MP2UA==",
      "requires": {
        "@pnp/common": "2.14.0",
        "@pnp/logging": "2.14.0",
        "@pnp/odata": "2.14.0",
        "tslib": "2.3.0"
      }
    },
    "tslib": {
      "version": "2.3.0",
      "resolved": "https://registry.npmjs.org/tslib/-/tslib-2.3.0.tgz",
      "integrity": "sha512-N82ooyxVNm6h1riLCoyS9e3fuJ3AMG2zIZs2Gd1ATcSFjSA23Q0fzjjZeh0jbJvWVDZ0cJT8yaNNaaXHzueNjg=="
    }
  }
}
